
Microsoft Visual Studio Solution File, Format Version 12.00
# Visual Studio Version 16
VisualStudioVersion = 16.0.30330.147
MinimumVisualStudioVersion = 10.0.40219.1
Project("{9A19103F-16F7-4668-BE54-9A1E7A4F7556}") = "BulkyBook", "BulkyBook\BulkyBook.csproj", "{5729BB52-9BBA-499A-A6BE-AEB2B243C217}"
EndProject
Project("{FAE04EC0-301F-11D3-BF4B-00C04F79EFBC}") = "BulkyBook.DataAccess", "BulkyBook.DataAccess\BulkyBook.DataAccess.csproj", "{6DF07000-95A0-4282-820F-D1D22EF07657}"
EndProject
Project("{FAE04EC0-301F-11D3-BF4B-00C04F79EFBC}") = "BulkyBook.Models", "BulkyBook.Models\BulkyBook.Models.csproj", "{7CB34A85-DF08-4CC5-8BEF-45DF63B0E9BE}"
EndProject
Project("{FAE04EC0-301F-11D3-BF4B-00C04F79EFBC}") = "BulkyBook.Utility", "BulkyBook.Utility\BulkyBook.Utility.csproj", "{F5C49FEC-00FA-4327-AA9C-9B6684B66B8D}"
EndProject
Global
	GlobalSection(SolutionConfigurationPlatforms) = preSolution
		Debug|Any CPU = Debug|Any CPU
		Release|Any CPU = Release|Any CPU
	EndGlobalSection
	GlobalSection(ProjectConfigurationPlatforms) = postSolution
		{5729BB52-9BBA-499A-A6BE-AEB2B243C217}.Debug|Any CPU.ActiveCfg = Debug|Any CPU
		{5729BB52-9BBA-499A-A6BE-AEB2B243C217}.Debug|Any CPU.Build.0 = Debug|Any CPU
		{5729BB52-9BBA-499A-A6BE-AEB2B243C217}.Release|Any CPU.ActiveCfg = Release|Any CPU
		{5729BB52-9BBA-499A-A6BE-AEB2B243C217}.Release|Any CPU.Build.0 = Release|Any CPU
		{6DF07000-95A0-4282-820F-D1D22EF07657}.Debug|Any CPU.ActiveCfg = Debug|Any CPU
		{6DF07000-95A0-4282-820F-D1D22EF07657}.Debug|Any CPU.Build.0 = Debug|Any CPU
		{6DF07000-95A0-4282-820F-D1D22EF07657}.Release|Any CPU.ActiveCfg = Release|Any CPU
		{6DF07000-95A0-4282-820F-D1D22EF07657}.Release|Any CPU.Build.0 = Release|Any CPU
		{7CB34A85-DF08-4CC5-8BEF-45DF63B0E9BE}.Debug|Any CPU.ActiveCfg = Debug|Any CPU
		{7CB34A85-DF08-4CC5-8BEF-45DF63B0E9BE}.Debug|Any CPU.Build.0 = Debug|Any CPU
		{7CB34A85-DF08-4CC5-8BEF-45DF63B0E9BE}.Release|Any CPU.ActiveCfg = Release|Any CPU
		{7CB34A85-DF08-4CC5-8BEF-45DF63B0E9BE}.Release|Any CPU.Build.0 = Release|Any CPU
		{F5C49FEC-00FA-4327-AA9C-9B6684B66B8D}.Debug|Any CPU.ActiveCfg = Debug|Any CPU
		{F5C49FEC-00FA-4327-AA9C-9B6684B66B8D}.Debug|Any CPU.Build.0 = Debug|Any CPU
		{F5C49FEC-00FA-4327-AA9C-9B6684B66B8D}.Release|Any CPU.ActiveCfg = Release|Any CPU
		{F5C49FEC-00FA-4327-AA9C-9B6684B66B8D}.Release|Any CPU.Build.0 = Release|Any CPU
	EndGlobalSection
	GlobalSection(SolutionProperties) = preSolution
		HideSolutionNode = FALSE
	EndGlobalSection
	GlobalSection(ExtensibilityGlobals) = postSolution
		SolutionGuid = {C8F643F5-56D6-48CC-A575-B95CFBAAE428}
	EndGlobalSection
EndGlobal
